
Microsoft Visual Studio Solution File, Format Version 12.00
# Visual Studio Version 16
VisualStudioVersion = 16.0.29503.13
MinimumVisualStudioVersion = 10.0.40219.1
Project("{FAE04EC0-301F-11D3-BF4B-00C04F79EFBC}") = "AnonymousType", "AnonymousType.csproj", "{44FD01C6-9EE4-47EC-B036-8D65E29E051B}"
EndProject
Global
	GlobalSection(SolutionConfigurationPlatforms) = preSolution
		Debug|Any CPU = Debug|Any CPU
		Release|Any CPU = Release|Any CPU
	EndGlobalSection
	GlobalSection(ProjectConfigurationPlatforms) = postSolution
		{44FD01C6-9EE4-47EC-B036-8D65E29E051B}.Debug|Any CPU.ActiveCfg = Debug|Any CPU
		{44FD01C6-9EE4-47EC-B036-8D65E29E051B}.Debug|Any CPU.Build.0 = Debug|Any CPU
		{44FD01C6-9EE4-47EC-B036-8D65E29E051B}.Release|Any CPU.ActiveCfg = Release|Any CPU
		{44FD01C6-9EE4-47EC-B036-8D65E29E051B}.Release|Any CPU.Build.0 = Release|Any CPU
	EndGlobalSection
	GlobalSection(SolutionProperties) = preSolution
		HideSolutionNode = FALSE
	EndGlobalSection
	GlobalSection(ExtensibilityGlobals) = postSolution
		SolutionGuid = {616D5EF3-ABAD-41D3-BD97-EEEF4E904565}
	EndGlobalSection
EndGlobal
